<Solution>
  <Folder Name="/src/">
    <Project Path="src/Printendar.Core/Printendar.Core.csproj" />
    <Project Path="src/Printendar.Cli/Printendar.Cli.csproj" />
  </Folder>
  <Folder Name="/tests/">
    <Project Path="tests/Printendar.Core.Tests/Printendar.Core.Tests.csproj" />
  </Folder>
</Solution>
